
Microsoft Visual Studio Solution File, Format Version 12.00
# Visual Studio 15
VisualStudioVersion = 15.0.26124.0
MinimumVisualStudioVersion = 15.0.26124.0
Project("{6EC3EE1D-3C4E-46DD-8F32-0CC8E7565705}") = "Snake", "Snake\Snake.fsproj", "{81EE1662-4014-4908-B94A-E006398BEFC7}"
EndProject
Project("{6EC3EE1D-3C4E-46DD-8F32-0CC8E7565705}") = "Snake.Console", "Snake.Console\Snake.Console.fsproj", "{BC792528-B58F-43C5-8E80-50A8FD962CAD}"
EndProject
Global
	GlobalSection(SolutionConfigurationPlatforms) = preSolution
		Debug|Any CPU = Debug|Any CPU
		Debug|x64 = Debug|x64
		Debug|x86 = Debug|x86
		Release|Any CPU = Release|Any CPU
		Release|x64 = Release|x64
		Release|x86 = Release|x86
	EndGlobalSection
	GlobalSection(ProjectConfigurationPlatforms) = postSolution
		{81EE1662-4014-4908-B94A-E006398BEFC7}.Debug|Any CPU.ActiveCfg = Debug|Any CPU
		{81EE1662-4014-4908-B94A-E006398BEFC7}.Debug|Any CPU.Build.0 = Debug|Any CPU
		{81EE1662-4014-4908-B94A-E006398BEFC7}.Debug|x64.ActiveCfg = Debug|Any CPU
		{81EE1662-4014-4908-B94A-E006398BEFC7}.Debug|x64.Build.0 = Debug|Any CPU
		{81EE1662-4014-4908-B94A-E006398BEFC7}.Debug|x86.ActiveCfg = Debug|Any CPU
		{81EE1662-4014-4908-B94A-E006398BEFC7}.Debug|x86.Build.0 = Debug|Any CPU
		{81EE1662-4014-4908-B94A-E006398BEFC7}.Release|Any CPU.ActiveCfg = Release|Any CPU
		{81EE1662-4014-4908-B94A-E006398BEFC7}.Release|Any CPU.Build.0 = Release|Any CPU
		{81EE1662-4014-4908-B94A-E006398BEFC7}.Release|x64.ActiveCfg = Release|Any CPU
		{81EE1662-4014-4908-B94A-E006398BEFC7}.Release|x64.Build.0 = Release|Any CPU
		{81EE1662-4014-4908-B94A-E006398BEFC7}.Release|x86.ActiveCfg = Release|Any CPU
		{81EE1662-4014-4908-B94A-E006398BEFC7}.Release|x86.Build.0 = Release|Any CPU
		{BC792528-B58F-43C5-8E80-50A8FD962CAD}.Debug|Any CPU.ActiveCfg = Debug|Any CPU
		{BC792528-B58F-43C5-8E80-50A8FD962CAD}.Debug|Any CPU.Build.0 = Debug|Any CPU
		{BC792528-B58F-43C5-8E80-50A8FD962CAD}.Debug|x64.ActiveCfg = Debug|Any CPU
		{BC792528-B58F-43C5-8E80-50A8FD962CAD}.Debug|x64.Build.0 = Debug|Any CPU
		{BC792528-B58F-43C5-8E80-50A8FD962CAD}.Debug|x86.ActiveCfg = Debug|Any CPU
		{BC792528-B58F-43C5-8E80-50A8FD962CAD}.Debug|x86.Build.0 = Debug|Any CPU
		{BC792528-B58F-43C5-8E80-50A8FD962CAD}.Release|Any CPU.ActiveCfg = Release|Any CPU
		{BC792528-B58F-43C5-8E80-50A8FD962CAD}.Release|Any CPU.Build.0 = Release|Any CPU
		{BC792528-B58F-43C5-8E80-50A8FD962CAD}.Release|x64.ActiveCfg = Release|Any CPU
		{BC792528-B58F-43C5-8E80-50A8FD962CAD}.Release|x64.Build.0 = Release|Any CPU
		{BC792528-B58F-43C5-8E80-50A8FD962CAD}.Release|x86.ActiveCfg = Release|Any CPU
		{BC792528-B58F-43C5-8E80-50A8FD962CAD}.Release|x86.Build.0 = Release|Any CPU
	EndGlobalSection
	GlobalSection(SolutionProperties) = preSolution
		HideSolutionNode = FALSE
	EndGlobalSection
	GlobalSection(ExtensibilityGlobals) = postSolution
		SolutionGuid = {41EA7235-5950-4AE9-8E43-53FBCA088F24}
	EndGlobalSection
EndGlobal
